
Microsoft Visual Studio Solution File, Format Version 12.00
# Visual Studio Version 17
VisualStudioVersion = 17.5.33627.172
MinimumVisualStudioVersion = 10.0.40219.1
Project("{9A19103F-16F7-4668-BE54-9A1E7A4F7556}") = "Asm02_KhanhHCE150703", "Asm02_KhanhHCE150703.csproj", "{90F5F3E2-6662-4B25-A681-5C7F31C9B550}"
EndProject
Global
	GlobalSection(SolutionConfigurationPlatforms) = preSolution
		Debug|Any CPU = Debug|Any CPU
		Release|Any CPU = Release|Any CPU
	EndGlobalSection
	GlobalSection(ProjectConfigurationPlatforms) = postSolution
		{90F5F3E2-6662-4B25-A681-5C7F31C9B550}.Debug|Any CPU.ActiveCfg = Debug|Any CPU
		{90F5F3E2-6662-4B25-A681-5C7F31C9B550}.Debug|Any CPU.Build.0 = Debug|Any CPU
		{90F5F3E2-6662-4B25-A681-5C7F31C9B550}.Release|Any CPU.ActiveCfg = Release|Any CPU
		{90F5F3E2-6662-4B25-A681-5C7F31C9B550}.Release|Any CPU.Build.0 = Release|Any CPU
	EndGlobalSection
	GlobalSection(SolutionProperties) = preSolution
		HideSolutionNode = FALSE
	EndGlobalSection
	GlobalSection(ExtensibilityGlobals) = postSolution
		SolutionGuid = {51166029-B046-4F52-8BB6-47515391EAD4}
	EndGlobalSection
EndGlobal
